
Microsoft Visual Studio Solution File, Format Version 12.00
# Visual Studio 2012
Project("{FAE04EC0-301F-11D3-BF4B-00C04F79EFBC}") = "Cineplex_prototype_01", "Cineplex_prototype_01\Cineplex_prototype_01.csproj", "{11A366B2-5F67-4083-9C4E-1344391F8589}"
EndProject
Global
	GlobalSection(SolutionConfigurationPlatforms) = preSolution
		Debug|Any CPU = Debug|Any CPU
		Release|Any CPU = Release|Any CPU
	EndGlobalSection
	GlobalSection(ProjectConfigurationPlatforms) = postSolution
		{11A366B2-5F67-4083-9C4E-1344391F8589}.Debug|Any CPU.ActiveCfg = Debug|Any CPU
		{11A366B2-5F67-4083-9C4E-1344391F8589}.Debug|Any CPU.Build.0 = Debug|Any CPU
		{11A366B2-5F67-4083-9C4E-1344391F8589}.Release|Any CPU.ActiveCfg = Release|Any CPU
		{11A366B2-5F67-4083-9C4E-1344391F8589}.Release|Any CPU.Build.0 = Release|Any CPU
	EndGlobalSection
	GlobalSection(SolutionProperties) = preSolution
		HideSolutionNode = FALSE
	EndGlobalSection
EndGlobal
